github.com/AnimusPEXUS/golockercheckable v0.0.0-20230722172911-98279345df8b h1:B6wlimVt0Dn6VjNV9v+dGkrzcWazIugEZkCz0l3KMuk=
github.com/AnimusPEXUS/golockercheckable v0.0.0-20230722172911-98279345df8b/go.mod h1:wU9y+4tn4aHJ8z/kq1xhe5QSO9EVEhWIfxrxg8Kf1Og=
github.com/AnimusPEXUS/goroutineid v0.0.0-20230720133607-c9ed2d3b2260 h1:36PKXFdhnmKM4vlo51MzzVpGMnccpg/HF0yWi6IAsbk=
github.com/AnimusPEXUS/goroutineid v0.0.0-20230720133607-c9ed2d3b2260/go.mod h1:a3MlFoDwdgeAHnU4RqcKdOJLDgIvat20MDJHTagACdc=
